{
  "name": "my-celsian-api",
  "version": "0.1.0",
  "lockfileVersion": 3,
  "requires": true,
  "packages": {
    "": {
      "name": "my-celsian-api",
      "version": "0.1.0",
      "dependencies": {
        "celsian": "0.6.5"
      },
      "devDependencies": {
        "@types/node": "22.19.0",
        "typescript": "5.9.3"
      },
      "engines": {
        "node": ">=22 <23"
      }
    },
    "node_modules/@celsian/core": {
      "version": "0.6.5",
      "resolved": "https://registry.npmjs.org/@celsian/core/-/core-0.6.5.tgz",
      "integrity": "sha512-yxuEofQQ0ZBhHVxUB7VVnoVvpt+IHYTAPEKHLMX11y3Pp4inWsztJ849S6iY6duAr/Xvv/+UhLk7xeW0yjZn6Q==",
      "license": "MIT",
      "dependencies": {
        "@celsian/schema": "0.6.5"
      },
      "engines": {
        "node": ">=20"
      },
      "peerDependencies": {
        "ws": "^8.18.0"
      },
      "peerDependenciesMeta": {
        "ws": {
          "optional": true
        }
      }
    },
    "node_modules/@celsian/schema": {
      "version": "0.6.5",
      "resolved": "https://registry.npmjs.org/@celsian/schema/-/schema-0.6.5.tgz",
      "integrity": "sha512-tUQD9LEfIgO+7UyJQRltiWXGxHTWG7g/omFNM8Y+nx5J5sEl796GSSu+xnfejsiiwAtvpDIE17kk6V/Y+1WNhQ==",
      "license": "MIT",
      "engines": {
        "node": ">=20"
      },
      "peerDependencies": {
        "@sinclair/typebox": ">=0.30.0",
        "valibot": ">=0.30.0",
        "zod": ">=3.0.0"
      },
      "peerDependenciesMeta": {
        "@sinclair/typebox": {
          "optional": true
        },
        "valibot": {
          "optional": true
        },
        "zod": {
          "optional": true
        }
      }
    },
    "node_modules/@types/node": {
      "version": "22.19.0",
      "resolved": "https://registry.npmjs.org/@types/node/-/node-22.19.0.tgz",
      "integrity": "sha512-xpr/lmLPQEj+TUnHmR+Ab91/glhJvsqcjB+yY0Ix9GO70H6Lb4FHH5GeqdOE5btAx7eIMwuHkp4H2MSkLcqWbA==",
      "dev": true,
      "license": "MIT",
      "dependencies": {
        "undici-types": "~6.21.0"
      }
    },
    "node_modules/celsian": {
      "version": "0.6.5",
      "resolved": "https://registry.npmjs.org/celsian/-/celsian-0.6.5.tgz",
      "integrity": "sha512-ZZWOBA1CHsRdGeVn0BgAuge7Y+t0ypkOIaDHqlXOb+P2LdjAZpCsyltxE4nfF2IGxpZQbv9GTSSClyDChEpEWA==",
      "license": "MIT",
      "dependencies": {
        "@celsian/core": "0.6.5",
        "@celsian/schema": "0.6.5"
      },
      "engines": {
        "node": ">=20"
      }
    },
    "node_modules/typescript": {
      "version": "5.9.3",
      "resolved": "https://registry.npmjs.org/typescript/-/typescript-5.9.3.tgz",
      "integrity": "sha512-jl1vZzPDinLr9eUt3J/t7V6FgNEw9QjvBPdysz9KfQDD41fQrC2Y4vKQdiaUpFT4bXlb1RHhLpp8wtm6M5TgSw==",
      "dev": true,
      "license": "Apache-2.0",
      "bin": {
        "tsc": "bin/tsc",
        "tsserver": "bin/tsserver"
      },
      "engines": {
        "node": ">=14.17"
      }
    },
    "node_modules/undici-types": {
      "version": "6.21.0",
      "resolved": "https://registry.npmjs.org/undici-types/-/undici-types-6.21.0.tgz",
      "integrity": "sha512-iwDZqg0QAGrg9Rav5H4n0M64c3mkR59cJ6wQp+7C4nI0gsmExaedaYLNO44eT4AtBBwjbTiGPMlt2Md0T9H9JQ==",
      "dev": true,
      "license": "MIT"
    }
  }
}
